
Microsoft Visual Studio Solution File, Format Version 12.00
# Visual Studio Version 17
VisualStudioVersion = 17.9.34723.18
MinimumVisualStudioVersion = 10.0.40219.1
Project("{FAE04EC0-301F-11D3-BF4B-00C04F79EFBC}") = "PortfolioWebAssem", "PortfolioWebAssem\PortfolioWebAssem.csproj", "{F81071A7-1A0C-4F8F-A06E-6EEC8AA66B8A}"
EndProject
Global
	GlobalSection(SolutionConfigurationPlatforms) = preSolution
		Debug|Any CPU = Debug|Any CPU
		Release|Any CPU = Release|Any CPU
	EndGlobalSection
	GlobalSection(ProjectConfigurationPlatforms) = postSolution
		{F81071A7-1A0C-4F8F-A06E-6EEC8AA66B8A}.Debug|Any CPU.ActiveCfg = Debug|Any CPU
		{F81071A7-1A0C-4F8F-A06E-6EEC8AA66B8A}.Debug|Any CPU.Build.0 = Debug|Any CPU
		{F81071A7-1A0C-4F8F-A06E-6EEC8AA66B8A}.Release|Any CPU.ActiveCfg = Release|Any CPU
		{F81071A7-1A0C-4F8F-A06E-6EEC8AA66B8A}.Release|Any CPU.Build.0 = Release|Any CPU
	EndGlobalSection
	GlobalSection(SolutionProperties) = preSolution
		HideSolutionNode = FALSE
	EndGlobalSection
	GlobalSection(ExtensibilityGlobals) = postSolution
		SolutionGuid = {C51AE37B-D907-45B5-AC18-1B1D53B0ED52}
	EndGlobalSection
EndGlobal
